
Microsoft Visual Studio Solution File, Format Version 12.00
# Visual Studio Version 17
VisualStudioVersion = 17.10.35122.118
MinimumVisualStudioVersion = 10.0.40219.1
Project("{8BC9CEB8-8B4A-11D0-8D11-00A0C91BC942}") = "Rasteriser", "Rasteriser\Rasteriser.vcxproj", "{D5361043-BE11-47A4-A86E-BFD244157634}"
EndProject
Global
	GlobalSection(SolutionConfigurationPlatforms) = preSolution
		Debug|x64 = Debug|x64
		Debug|x86 = Debug|x86
		Release|x64 = Release|x64
		Release|x86 = Release|x86
	EndGlobalSection
	GlobalSection(ProjectConfigurationPlatforms) = postSolution
		{D5361043-BE11-47A4-A86E-BFD244157634}.Debug|x64.ActiveCfg = Debug|x64
		{D5361043-BE11-47A4-A86E-BFD244157634}.Debug|x64.Build.0 = Debug|x64
		{D5361043-BE11-47A4-A86E-BFD244157634}.Debug|x86.ActiveCfg = Debug|Win32
		{D5361043-BE11-47A4-A86E-BFD244157634}.Debug|x86.Build.0 = Debug|Win32
		{D5361043-BE11-47A4-A86E-BFD244157634}.Release|x64.ActiveCfg = Release|x64
		{D5361043-BE11-47A4-A86E-BFD244157634}.Release|x64.Build.0 = Release|x64
		{D5361043-BE11-47A4-A86E-BFD244157634}.Release|x86.ActiveCfg = Release|Win32
		{D5361043-BE11-47A4-A86E-BFD244157634}.Release|x86.Build.0 = Release|Win32
	EndGlobalSection
	GlobalSection(SolutionProperties) = preSolution
		HideSolutionNode = FALSE
	EndGlobalSection
	GlobalSection(ExtensibilityGlobals) = postSolution
		SolutionGuid = {EBF9BA8A-1839-4155-BD7E-68ECDFD3F429}
	EndGlobalSection
EndGlobal
